PODS:
  - Bugly (2.5.0)
  - Flutter (1.0.0)
  - flutter_bugly (0.0.1):
    - Bugly
    - Flutter
  - flutter_statusbarcolor (0.0.1):
    - Flutter
  - flutter_webview_plugin (0.0.1):
    - Flutter
  - fluttertoast (0.0.2):
    - Flutter
  - FMDB (2.7.5):
    - FMDB/standard (= 2.7.5)
  - FMDB/standard (2.7.5)
  - in_app_purchase (0.0.1):
    - Flutter
  - Mapbox-iOS-SDK (5.1.2)
  - mapbox_gl (0.0.1):
    - Flutter
    - Mapbox-iOS-SDK (~> 5.1.0)
    - MapboxNavigation (~> 0.35.0)
  - MapboxCoreNavigation (0.35.0):
    - MapboxDirections.swift (~> 0.28.0)
    - MapboxMobileEvents (~> 0.9.3)
    - MapboxNavigationNative (~> 6.2.1)
    - Turf (~> 0.3.0)
  - MapboxDirections.swift (0.28.0):
    - Polyline (~> 4.2)
  - MapboxMobileEvents (0.9.5)
  - MapboxNavigation (0.35.0):
    - Mapbox-iOS-SDK (~> 5.1)
    - MapboxCoreNavigation (= 0.35.0)
    - MapboxSpeech (~> 0.1.0)
    - Solar (~> 2.1)
  - MapboxNavigationNative (6.2.1)
  - MapboxSpeech (0.1.1)
  - package_info (0.0.1):
    - Flutter
  - path_provider (0.0.1):
    - Flutter
  - "permission_handler (3.2.1+1)":
    - Flutter
  - Polyline (4.2.1)
  - RxCocoa (5.0.0):
    - RxRelay (~> 5)
    - RxSwift (~> 5)
  - RxRelay (5.0.0):
    - RxSwift (~> 5)
  - RxSwift (5.0.0)
  - shared_preferences (0.0.1):
    - Flutter
  - Solar (2.1.0)
  - sqflite (0.0.1):
    - Flutter
    - FMDB (~> 2.7.2)
  - SwiftKeychainWrapper (3.4.0)
  - Turf (0.3.0)

DEPENDENCIES:
  - Flutter (from `.symlinks/flutter/ios`)
  - flutter_bugly (from `.symlinks/plugins/flutter_bugly/ios`)
  - flutter_statusbarcolor (from `.symlinks/plugins/flutter_statusbarcolor/ios`)
  - flutter_webview_plugin (from `.symlinks/plugins/flutter_webview_plugin/ios`)
  - fluttertoast (from `.symlinks/plugins/fluttertoast/ios`)
  - in_app_purchase (from `.symlinks/plugins/in_app_purchase/ios`)
  - mapbox_gl (from `.symlinks/plugins/mapbox_gl/ios`)
  - package_info (from `.symlinks/plugins/package_info/ios`)
  - path_provider (from `.symlinks/plugins/path_provider/ios`)
  - permission_handler (from `.symlinks/plugins/permission_handler/ios`)
  - RxCocoa (~> 5.0)
  - RxSwift (~> 5.0)
  - shared_preferences (from `.symlinks/plugins/shared_preferences/ios`)
  - sqflite (from `.symlinks/plugins/sqflite/ios`)
  - SwiftKeychainWrapper

SPEC REPOS:
  https://github.com/cocoapods/specs.git:
    - Bugly
    - FMDB
    - Mapbox-iOS-SDK
    - MapboxCoreNavigation
    - MapboxDirections.swift
    - MapboxMobileEvents
    - MapboxNavigation
    - MapboxNavigationNative
    - MapboxSpeech
    - Polyline
    - RxCocoa
    - RxRelay
    - RxSwift
    - Solar
    - SwiftKeychainWrapper
    - Turf

EXTERNAL SOURCES:
  Flutter:
    :path: ".symlinks/flutter/ios"
  flutter_bugly:
    :path: ".symlinks/plugins/flutter_bugly/ios"
  flutter_statusbarcolor:
    :path: ".symlinks/plugins/flutter_statusbarcolor/ios"
  flutter_webview_plugin:
    :path: ".symlinks/plugins/flutter_webview_plugin/ios"
  fluttertoast:
    :path: ".symlinks/plugins/fluttertoast/ios"
  in_app_purchase:
    :path: ".symlinks/plugins/in_app_purchase/ios"
  mapbox_gl:
    :path: ".symlinks/plugins/mapbox_gl/ios"
  package_info:
    :path: ".symlinks/plugins/package_info/ios"
  path_provider:
    :path: ".symlinks/plugins/path_provider/ios"
  permission_handler:
    :path: ".symlinks/plugins/permission_handler/ios"
  shared_preferences:
    :path: ".symlinks/plugins/shared_preferences/ios"
  sqflite:
    :path: ".symlinks/plugins/sqflite/ios"

SPEC CHECKSUMS:
  Bugly: 3ca9f255c01025582df26f9222893b383c7e4b4e
  Flutter: 58dd7d1b27887414a370fcccb9e645c08ffd7a6a
  flutter_bugly: c9800f4d5bc5bdc27ffdde3417a26ba44266e0c3
  flutter_statusbarcolor: 8afb1071ed8c58be929f1e32b36c629771fd2259
  flutter_webview_plugin: ed9e8a6a96baf0c867e90e1bce2673913eeac694
  fluttertoast: b644586ef3b16f67fae9a1f8754cef6b2d6b634b
  FMDB: 2ce00b547f966261cd18927a3ddb07cb6f3db82a
  in_app_purchase: 5e80de181441b1c149372237f5e65255455e175f
  Mapbox-iOS-SDK: 8eb76c314b9f89d67b630564f252fb42f27321dd
  mapbox_gl: 5a2b88a8d457049dda664fa2575f60e87a86e453
  MapboxCoreNavigation: 89eadd5864a32144043231247fc3bd6900843213
  MapboxDirections.swift: bec8771badfbdd55a0194649a4194b2c2cb15b96
  MapboxMobileEvents: f6c21b2e59066c5c7093585de7c15adae3b63da0
  MapboxNavigation: 718528e4594c87e2702b6bb9e64a863975b00ccf
  MapboxNavigationNative: 11dc22140f4698d3f26989f2b6379dc81ef0d4c1
  MapboxSpeech: 59b3984d3f433a443d24acf53097f918c5cc70f9
  package_info: 78cabb3c322943c55d39676f4a5bfc748c01d055
  path_provider: f96fff6166a8867510d2c25fdcc346327cc4b259
  permission_handler: 6a1b2f94f866da8bd19fa67f3c8f4b9f38580efb
  Polyline: 0e9890790292741c8186201a536b6bb6a78d02dd
  RxCocoa: fcf32050ac00d801f34a7f71d5e8e7f23026dcd8
  RxRelay: 4f7409406a51a55cd88483f21ed898c234d60f18
  RxSwift: 8b0671caa829a763bbce7271095859121cbd895f
  shared_preferences: 1feebfa37bb57264736e16865e7ffae7fc99b523
  Solar: 2dc6e7cc39186cb0c8228fa08df76fb50c7d8f24
  sqflite: ff1d9da63c06588cc8d1faf7256d741f16989d5a
  SwiftKeychainWrapper: 6fc49fbf7d4a6b0772917acb0e53a1639f6078d6
  Turf: c6bdf62d6a70c647874f295dd1cf4eefc0c3e9e6

PODFILE CHECKSUM: 17a0526109a9ce8f45200f74352505cd86491526

COCOAPODS: 1.7.5
